{
    "version": 3,
    "terraform_version": "0.11.7",
    "serial": 2,
    "lineage": "8d2362ae-455d-e583-e8e3-70151f77431a",
    "modules": [
        {
            "path": [
                "root"
            ],
            "outputs": {},
            "resources": {},
            "depends_on": []
        },
        {
            "path": [
                "root",
                "my_ec2"
            ],
            "outputs": {},
            "resources": {
                "aws_instance.myinstance": {
                    "type": "aws_instance",
                    "depends_on": [],
                    "primary": {
                        "id": "i-0932f1da42ccae41c",
                        "attributes": {
                            "ami": "ami-0ad42f4f66f6c1cc9",
                            "arn": "arn:aws:ec2:ap-south-1:956280454855:instance/i-0932f1da42ccae41c",
                            "associate_public_ip_address": "false",
                            "availability_zone": "ap-south-1a",
                            "cpu_core_count": "1",
                            "cpu_threads_per_core": "1",
                            "credit_specification.#": "1",
                            "credit_specification.0.cpu_credits": "standard",
                            "disable_api_termination": "false",
                            "ebs_block_device.#": "0",
                            "ebs_optimized": "false",
                            "ephemeral_block_device.#": "0",
                            "get_password_data": "false",
                            "iam_instance_profile": "",
                            "id": "i-0932f1da42ccae41c",
                            "instance_state": "running",
                            "instance_type": "t2.micro",
                            "ipv6_addresses.#": "0",
                            "key_name": "",
                            "monitoring": "false",
                            "network_interface.#": "0",
                            "network_interface_id": "eni-0f6bcd1a60406a491",
                            "password_data": "",
                            "placement_group": "",
                            "primary_network_interface_id": "eni-0f6bcd1a60406a491",
                            "private_dns": "ip-196-123-1-53.ap-south-1.compute.internal",
                            "private_ip": "196.123.1.53",
                            "public_dns": "",
                            "public_ip": "",
                            "root_block_device.#": "1",
                            "root_block_device.0.delete_on_termination": "true",
                            "root_block_device.0.iops": "100",
                            "root_block_device.0.volume_id": "vol-036cb6fda03b3e098",
                            "root_block_device.0.volume_size": "8",
                            "root_block_device.0.volume_type": "gp2",
                            "security_groups.#": "0",
                            "source_dest_check": "true",
                            "subnet_id": "subnet-0eb831b7239922701",
                            "tags.%": "1",
                            "tags.Name": "Wipro_ec2",
                            "tenancy": "default",
                            "volume_tags.%": "0",
                            "vpc_security_group_ids.#": "1",
                            "vpc_security_group_ids.2353064993": "sg-00bf567bd87d4ec8b"
                        },
                        "meta": {
                            "e2bfb730-ecaa-11e6-8f88-34363bc7c4c0": {
                                "create": 600000000000,
                                "delete": 1200000000000,
                                "update": 600000000000
                            },
                            "schema_version": "1"
                        },
                        "tainted": false
                    },
                    "deposed": [],
                    "provider": "provider.aws"
                }
            },
            "depends_on": []
        },
        {
            "path": [
                "root",
                "my_subnet"
            ],
            "outputs": {
                "subnet_id": {
                    "sensitive": false,
                    "type": "string",
                    "value": "subnet-0eb831b7239922701"
                }
            },
            "resources": {
                "aws_subnet.publicsubnet1": {
                    "type": "aws_subnet",
                    "depends_on": [],
                    "primary": {
                        "id": "subnet-0eb831b7239922701",
                        "attributes": {
                            "arn": "arn:aws:ec2:ap-south-1:956280454855:subnet/subnet-0eb831b7239922701",
                            "assign_ipv6_address_on_creation": "false",
                            "availability_zone": "ap-south-1a",
                            "availability_zone_id": "aps1-az1",
                            "cidr_block": "196.123.1.0/26",
                            "id": "subnet-0eb831b7239922701",
                            "ipv6_cidr_block": "",
                            "ipv6_cidr_block_association_id": "",
                            "map_public_ip_on_launch": "false",
                            "owner_id": "956280454855",
                            "tags.%": "1",
                            "tags.Name": "Wipro_Subnet",
                            "vpc_id": "vpc-0bf3e294a35a0b35b"
                        },
                        "meta": {
                            "e2bfb730-ecaa-11e6-8f88-34363bc7c4c0": {
                                "create": 600000000000,
                                "delete": 600000000000
                            },
                            "schema_version": "1"
                        },
                        "tainted": false
                    },
                    "deposed": [],
                    "provider": "provider.aws"
                }
            },
            "depends_on": []
        },
        {
            "path": [
                "root",
                "my_vpc"
            ],
            "outputs": {
                "vpc_id": {
                    "sensitive": false,
                    "type": "string",
                    "value": "vpc-0bf3e294a35a0b35b"
                }
            },
            "resources": {
                "aws_vpc.myvpc": {
                    "type": "aws_vpc",
                    "depends_on": [],
                    "primary": {
                        "id": "vpc-0bf3e294a35a0b35b",
                        "attributes": {
                            "arn": "arn:aws:ec2:ap-south-1:956280454855:vpc/vpc-0bf3e294a35a0b35b",
                            "assign_generated_ipv6_cidr_block": "false",
                            "cidr_block": "196.123.0.0/16",
                            "default_network_acl_id": "acl-053d5220b086176fa",
                            "default_route_table_id": "rtb-0836a0b73e3710234",
                            "default_security_group_id": "sg-00bf567bd87d4ec8b",
                            "dhcp_options_id": "dopt-ac6069c4",
                            "enable_dns_hostnames": "false",
                            "enable_dns_support": "true",
                            "id": "vpc-0bf3e294a35a0b35b",
                            "instance_tenancy": "default",
                            "ipv6_association_id": "",
                            "ipv6_cidr_block": "",
                            "main_route_table_id": "rtb-0836a0b73e3710234",
                            "owner_id": "956280454855",
                            "tags.%": "1",
                            "tags.Name": "Wipro_VPC"
                        },
                        "meta": {
                            "schema_version": "1"
                        },
                        "tainted": false
                    },
                    "deposed": [],
                    "provider": "provider.aws"
                }
            },
            "depends_on": []
        }
    ]
}
